
Microsoft Visual Studio Solution File, Format Version 12.00
# Visual Studio Version 17
VisualStudioVersion = 17.10.35122.118
MinimumVisualStudioVersion = 10.0.40219.1
Project("{9A19103F-16F7-4668-BE54-9A1E7A4F7556}") = "Booking.Web", "Booking.Web\Booking.Web.csproj", "{69BBDE55-6A90-44D5-B634-CE36470B0590}"
EndProject
Project("{9A19103F-16F7-4668-BE54-9A1E7A4F7556}") = "Booking.System", "Booking.System\Booking.System.csproj", "{2DDEEB49-2250-41F4-8D4F-22179A8107F2}"
EndProject
Project("{FAE04EC0-301F-11D3-BF4B-00C04F79EFBC}") = "Booking.Admin.Application.Policy", "Booking.Admin.Application.Policy\Booking.Admin.Application.Policy.csproj", "{BC3911A5-A5B6-47BE-8FD3-608985727781}"
EndProject
Project("{FAE04EC0-301F-11D3-BF4B-00C04F79EFBC}") = "Booking.SysAdmin.Application.Policy", "Booking.SysAdmin.Application.Policy\Booking.SysAdmin.Application.Policy.csproj", "{169E9D07-F99B-47E9-A705-973F198EF61A}"
EndProject
Project("{FAE04EC0-301F-11D3-BF4B-00C04F79EFBC}") = "Booking.UserManagement.Web", "Booking.UserManagement.Web\Booking.UserManagement.Web.csproj", "{CF4FFDE3-E1C7-48CC-91F0-69E9F46624D7}"
EndProject
Project("{FAE04EC0-301F-11D3-BF4B-00C04F79EFBC}") = "Booking.UserManagement.DataAccess", "Booking.UserManagement.DataAccess\Booking.UserManagement.DataAccess.csproj", "{6C978A03-9B0D-42CF-A7A6-5C5354406A2D}"
EndProject
Project("{2150E333-8FDC-42A3-9474-1A3956D46DE8}") = "Booking.UserManagement", "Booking.UserManagement", "{F8C93643-8503-41D8-BB4D-4E6793FC09C3}"
EndProject
Project("{2150E333-8FDC-42A3-9474-1A3956D46DE8}") = "Applications", "Applications", "{721953B4-8BA9-4D73-9AE3-4DE28DFD02A1}"
EndProject
Project("{2150E333-8FDC-42A3-9474-1A3956D46DE8}") = "Policy", "Policy", "{3E94E3DD-46D7-4D9F-BDBD-159F19771981}"
EndProject
Project("{2150E333-8FDC-42A3-9474-1A3956D46DE8}") = "Domain", "Domain", "{02A07833-8A7C-44E8-AD04-A344515C7E86}"
EndProject
Project("{2150E333-8FDC-42A3-9474-1A3956D46DE8}") = "DomainApplications", "DomainApplications", "{61BBD6BF-418A-4FFF-8705-22E337A246E5}"
EndProject
Project("{FAE04EC0-301F-11D3-BF4B-00C04F79EFBC}") = "Booking.UserManagement", "Booking.UserManagement\Booking.UserManagement.csproj", "{F06DFA1B-0EC2-47E3-9CD0-5F0693D17A4C}"
EndProject
Project("{2150E333-8FDC-42A3-9474-1A3956D46DE8}") = "Authorization", "Authorization", "{4194EADB-69DA-4DC9-B77B-384004B9A8F9}"
EndProject
Project("{FAE04EC0-301F-11D3-BF4B-00C04F79EFBC}") = "Booking.Authorization", "Booking.Authorization\Booking.Authorization.csproj", "{4BC90FFF-9FEB-4C81-B2A7-811BE095B358}"
EndProject
Project("{FAE04EC0-301F-11D3-BF4B-00C04F79EFBC}") = "Booking.Authorization.DataAccess", "Booking.Authorization.DataAccess\Booking.Authorization.DataAccess.csproj", "{B6EDBF76-776D-4AB1-B3F4-CBB3DD94F18C}"
EndProject
Project("{2150E333-8FDC-42A3-9474-1A3956D46DE8}") = "Commons", "Commons", "{AC458687-F7D0-40A6-B1A7-7B406176F67C}"
EndProject
Project("{FAE04EC0-301F-11D3-BF4B-00C04F79EFBC}") = "Booking.Commons", "Booking.Commons\Booking.Commons.csproj", "{6A8FEB5D-CF5E-4F16-A78D-805550AA18B9}"
EndProject
Project("{2150E333-8FDC-42A3-9474-1A3956D46DE8}") = "Tests", "Tests", "{67F0C863-A2A1-4A2E-A12D-F8A684036AFB}"
EndProject
Project("{2150E333-8FDC-42A3-9474-1A3956D46DE8}") = "Unit", "Unit", "{362D1B2C-F795-410E-BC32-7331569CDAEC}"
EndProject
Project("{2150E333-8FDC-42A3-9474-1A3956D46DE8}") = "Integration", "Integration", "{C7C67ED8-E828-42DA-AFB3-DCC22C7C9A4E}"
EndProject
Global
	GlobalSection(SolutionConfigurationPlatforms) = preSolution
		Debug|Any CPU = Debug|Any CPU
		Release|Any CPU = Release|Any CPU
	EndGlobalSection
	GlobalSection(ProjectConfigurationPlatforms) = postSolution
		{69BBDE55-6A90-44D5-B634-CE36470B0590}.Debug|Any CPU.ActiveCfg = Debug|Any CPU
		{69BBDE55-6A90-44D5-B634-CE36470B0590}.Debug|Any CPU.Build.0 = Debug|Any CPU
		{69BBDE55-6A90-44D5-B634-CE36470B0590}.Release|Any CPU.ActiveCfg = Release|Any CPU
		{69BBDE55-6A90-44D5-B634-CE36470B0590}.Release|Any CPU.Build.0 = Release|Any CPU
		{2DDEEB49-2250-41F4-8D4F-22179A8107F2}.Debug|Any CPU.ActiveCfg = Debug|Any CPU
		{2DDEEB49-2250-41F4-8D4F-22179A8107F2}.Debug|Any CPU.Build.0 = Debug|Any CPU
		{2DDEEB49-2250-41F4-8D4F-22179A8107F2}.Release|Any CPU.ActiveCfg = Release|Any CPU
		{2DDEEB49-2250-41F4-8D4F-22179A8107F2}.Release|Any CPU.Build.0 = Release|Any CPU
		{BC3911A5-A5B6-47BE-8FD3-608985727781}.Debug|Any CPU.ActiveCfg = Debug|Any CPU
		{BC3911A5-A5B6-47BE-8FD3-608985727781}.Debug|Any CPU.Build.0 = Debug|Any CPU
		{BC3911A5-A5B6-47BE-8FD3-608985727781}.Release|Any CPU.ActiveCfg = Release|Any CPU
		{BC3911A5-A5B6-47BE-8FD3-608985727781}.Release|Any CPU.Build.0 = Release|Any CPU
		{169E9D07-F99B-47E9-A705-973F198EF61A}.Debug|Any CPU.ActiveCfg = Debug|Any CPU
		{169E9D07-F99B-47E9-A705-973F198EF61A}.Debug|Any CPU.Build.0 = Debug|Any CPU
		{169E9D07-F99B-47E9-A705-973F198EF61A}.Release|Any CPU.ActiveCfg = Release|Any CPU
		{169E9D07-F99B-47E9-A705-973F198EF61A}.Release|Any CPU.Build.0 = Release|Any CPU
		{CF4FFDE3-E1C7-48CC-91F0-69E9F46624D7}.Debug|Any CPU.ActiveCfg = Debug|Any CPU
		{CF4FFDE3-E1C7-48CC-91F0-69E9F46624D7}.Debug|Any CPU.Build.0 = Debug|Any CPU
		{CF4FFDE3-E1C7-48CC-91F0-69E9F46624D7}.Release|Any CPU.ActiveCfg = Release|Any CPU
		{CF4FFDE3-E1C7-48CC-91F0-69E9F46624D7}.Release|Any CPU.Build.0 = Release|Any CPU
		{6C978A03-9B0D-42CF-A7A6-5C5354406A2D}.Debug|Any CPU.ActiveCfg = Debug|Any CPU
		{6C978A03-9B0D-42CF-A7A6-5C5354406A2D}.Debug|Any CPU.Build.0 = Debug|Any CPU
		{6C978A03-9B0D-42CF-A7A6-5C5354406A2D}.Release|Any CPU.ActiveCfg = Release|Any CPU
		{6C978A03-9B0D-42CF-A7A6-5C5354406A2D}.Release|Any CPU.Build.0 = Release|Any CPU
		{F06DFA1B-0EC2-47E3-9CD0-5F0693D17A4C}.Debug|Any CPU.ActiveCfg = Debug|Any CPU
		{F06DFA1B-0EC2-47E3-9CD0-5F0693D17A4C}.Debug|Any CPU.Build.0 = Debug|Any CPU
		{F06DFA1B-0EC2-47E3-9CD0-5F0693D17A4C}.Release|Any CPU.ActiveCfg = Release|Any CPU
		{F06DFA1B-0EC2-47E3-9CD0-5F0693D17A4C}.Release|Any CPU.Build.0 = Release|Any CPU
		{4BC90FFF-9FEB-4C81-B2A7-811BE095B358}.Debug|Any CPU.ActiveCfg = Debug|Any CPU
		{4BC90FFF-9FEB-4C81-B2A7-811BE095B358}.Debug|Any CPU.Build.0 = Debug|Any CPU
		{4BC90FFF-9FEB-4C81-B2A7-811BE095B358}.Release|Any CPU.ActiveCfg = Release|Any CPU
		{4BC90FFF-9FEB-4C81-B2A7-811BE095B358}.Release|Any CPU.Build.0 = Release|Any CPU
		{B6EDBF76-776D-4AB1-B3F4-CBB3DD94F18C}.Debug|Any CPU.ActiveCfg = Debug|Any CPU
		{B6EDBF76-776D-4AB1-B3F4-CBB3DD94F18C}.Debug|Any CPU.Build.0 = Debug|Any CPU
		{B6EDBF76-776D-4AB1-B3F4-CBB3DD94F18C}.Release|Any CPU.ActiveCfg = Release|Any CPU
		{B6EDBF76-776D-4AB1-B3F4-CBB3DD94F18C}.Release|Any CPU.Build.0 = Release|Any CPU
		{6A8FEB5D-CF5E-4F16-A78D-805550AA18B9}.Debug|Any CPU.ActiveCfg = Debug|Any CPU
		{6A8FEB5D-CF5E-4F16-A78D-805550AA18B9}.Debug|Any CPU.Build.0 = Debug|Any CPU
		{6A8FEB5D-CF5E-4F16-A78D-805550AA18B9}.Release|Any CPU.ActiveCfg = Release|Any CPU
		{6A8FEB5D-CF5E-4F16-A78D-805550AA18B9}.Release|Any CPU.Build.0 = Release|Any CPU
	EndGlobalSection
	GlobalSection(SolutionProperties) = preSolution
		HideSolutionNode = FALSE
	EndGlobalSection
	GlobalSection(NestedProjects) = preSolution
		{69BBDE55-6A90-44D5-B634-CE36470B0590} = {721953B4-8BA9-4D73-9AE3-4DE28DFD02A1}
		{2DDEEB49-2250-41F4-8D4F-22179A8107F2} = {02A07833-8A7C-44E8-AD04-A344515C7E86}
		{BC3911A5-A5B6-47BE-8FD3-608985727781} = {3E94E3DD-46D7-4D9F-BDBD-159F19771981}
		{169E9D07-F99B-47E9-A705-973F198EF61A} = {3E94E3DD-46D7-4D9F-BDBD-159F19771981}
		{CF4FFDE3-E1C7-48CC-91F0-69E9F46624D7} = {61BBD6BF-418A-4FFF-8705-22E337A246E5}
		{6C978A03-9B0D-42CF-A7A6-5C5354406A2D} = {F8C93643-8503-41D8-BB4D-4E6793FC09C3}
		{F8C93643-8503-41D8-BB4D-4E6793FC09C3} = {02A07833-8A7C-44E8-AD04-A344515C7E86}
		{F06DFA1B-0EC2-47E3-9CD0-5F0693D17A4C} = {F8C93643-8503-41D8-BB4D-4E6793FC09C3}
		{4194EADB-69DA-4DC9-B77B-384004B9A8F9} = {02A07833-8A7C-44E8-AD04-A344515C7E86}
		{4BC90FFF-9FEB-4C81-B2A7-811BE095B358} = {4194EADB-69DA-4DC9-B77B-384004B9A8F9}
		{B6EDBF76-776D-4AB1-B3F4-CBB3DD94F18C} = {4194EADB-69DA-4DC9-B77B-384004B9A8F9}
		{6A8FEB5D-CF5E-4F16-A78D-805550AA18B9} = {AC458687-F7D0-40A6-B1A7-7B406176F67C}
		{362D1B2C-F795-410E-BC32-7331569CDAEC} = {67F0C863-A2A1-4A2E-A12D-F8A684036AFB}
		{C7C67ED8-E828-42DA-AFB3-DCC22C7C9A4E} = {67F0C863-A2A1-4A2E-A12D-F8A684036AFB}
	EndGlobalSection
	GlobalSection(ExtensibilityGlobals) = postSolution
		SolutionGuid = {2797B516-17A2-4CFE-8767-5CA24E12ED45}
	EndGlobalSection
EndGlobal
